# This file is automatically @generated by Cargo.
# It is not intended for manual editing.
[[package]]
name = "byteorder"
version = "1.3.4"
source = "registry+https://github.com/rust-lang/crates.io-index"
checksum = "08c48aae112d48ed9f069b33538ea9e3e90aa263cfa3d1c24309612b1f7472de"

[[package]]
name = "dbase"
version = "0.0.4"
source = "registry+https://github.com/rust-lang/crates.io-index"
checksum = "f11532d799d221b4b11d7e0df6dcace80a64b9b274687a638f76e4668872bc1a"
dependencies = [
 "byteorder",
]

[[package]]
name = "lapp"
version = "0.4.0"
source = "registry+https://github.com/rust-lang/crates.io-index"
checksum = "60bf485afeba9437a275ad29a9383b03f2978450e7feceffb55be8c0dbad9829"

[[package]]
name = "preprocessing"
version = "0.1.0"
dependencies = [
 "lapp",
 "shapefile",
]

[[package]]
name = "shapefile"
version = "0.1.1"
source = "registry+https://github.com/rust-lang/crates.io-index"
checksum = "ca5371daf785661f3ef176aaa831dcecb59197bbff1dbfdcce10c4e93edba482"
dependencies = [
 "byteorder",
 "dbase",
]
